
Microsoft Visual Studio Solution File, Format Version 12.00
# Visual Studio Version 16
VisualStudioVersion = 16.0.31702.278
MinimumVisualStudioVersion = 10.0.40219.1
Project("{8BC9CEB8-8B4A-11D0-8D11-00A0C91BC942}") = "MathLibrary", "MathLibrary\MathLibrary.vcxproj", "{C3F992E0-3070-49A1-9FE0-281122136959}"
EndProject
Project("{8BC9CEB8-8B4A-11D0-8D11-00A0C91BC942}") = "MathClient", "MathClient\MathClient.vcxproj", "{7055DC86-C91C-4493-8B03-31E80C7DC13D}"
EndProject
Global
	GlobalSection(SolutionConfigurationPlatforms) = preSolution
		Debug|x64 = Debug|x64
		Debug|x86 = Debug|x86
		Release|x64 = Release|x64
		Release|x86 = Release|x86
	EndGlobalSection
	GlobalSection(ProjectConfigurationPlatforms) = postSolution
		{C3F992E0-3070-49A1-9FE0-281122136959}.Debug|x64.ActiveCfg = Debug|x64
		{C3F992E0-3070-49A1-9FE0-281122136959}.Debug|x64.Build.0 = Debug|x64
		{C3F992E0-3070-49A1-9FE0-281122136959}.Debug|x86.ActiveCfg = Debug|Win32
		{C3F992E0-3070-49A1-9FE0-281122136959}.Debug|x86.Build.0 = Debug|Win32
		{C3F992E0-3070-49A1-9FE0-281122136959}.Release|x64.ActiveCfg = Release|x64
		{C3F992E0-3070-49A1-9FE0-281122136959}.Release|x64.Build.0 = Release|x64
		{C3F992E0-3070-49A1-9FE0-281122136959}.Release|x86.ActiveCfg = Release|Win32
		{C3F992E0-3070-49A1-9FE0-281122136959}.Release|x86.Build.0 = Release|Win32
		{7055DC86-C91C-4493-8B03-31E80C7DC13D}.Debug|x64.ActiveCfg = Debug|x64
		{7055DC86-C91C-4493-8B03-31E80C7DC13D}.Debug|x64.Build.0 = Debug|x64
		{7055DC86-C91C-4493-8B03-31E80C7DC13D}.Debug|x86.ActiveCfg = Debug|Win32
		{7055DC86-C91C-4493-8B03-31E80C7DC13D}.Debug|x86.Build.0 = Debug|Win32
		{7055DC86-C91C-4493-8B03-31E80C7DC13D}.Release|x64.ActiveCfg = Release|x64
		{7055DC86-C91C-4493-8B03-31E80C7DC13D}.Release|x64.Build.0 = Release|x64
		{7055DC86-C91C-4493-8B03-31E80C7DC13D}.Release|x86.ActiveCfg = Release|Win32
		{7055DC86-C91C-4493-8B03-31E80C7DC13D}.Release|x86.Build.0 = Release|Win32
	EndGlobalSection
	GlobalSection(SolutionProperties) = preSolution
		HideSolutionNode = FALSE
	EndGlobalSection
	GlobalSection(ExtensibilityGlobals) = postSolution
		SolutionGuid = {12B35C97-C728-411C-83D3-AFB0DDED394A}
	EndGlobalSection
EndGlobal
